
Microsoft Visual Studio Solution File, Format Version 12.00
# Visual Studio Version 17
VisualStudioVersion = 17.0.31919.166
MinimumVisualStudioVersion = 10.0.40219.1
Project("{FAE04EC0-301F-11D3-BF4B-00C04F79EFBC}") = "UC9_GIT_MEDIA_PORCENTAGEM", "UC9_GIT_MEDIA_PORCENTAGEM\UC9_GIT_MEDIA_PORCENTAGEM.csproj", "{993B8268-EA2F-4265-B08B-D1B7AEBDF163}"
EndProject
Global
	GlobalSection(SolutionConfigurationPlatforms) = preSolution
		Debug|Any CPU = Debug|Any CPU
		Release|Any CPU = Release|Any CPU
	EndGlobalSection
	GlobalSection(ProjectConfigurationPlatforms) = postSolution
		{993B8268-EA2F-4265-B08B-D1B7AEBDF163}.Debug|Any CPU.ActiveCfg = Debug|Any CPU
		{993B8268-EA2F-4265-B08B-D1B7AEBDF163}.Debug|Any CPU.Build.0 = Debug|Any CPU
		{993B8268-EA2F-4265-B08B-D1B7AEBDF163}.Release|Any CPU.ActiveCfg = Release|Any CPU
		{993B8268-EA2F-4265-B08B-D1B7AEBDF163}.Release|Any CPU.Build.0 = Release|Any CPU
	EndGlobalSection
	GlobalSection(SolutionProperties) = preSolution
		HideSolutionNode = FALSE
	EndGlobalSection
	GlobalSection(ExtensibilityGlobals) = postSolution
		SolutionGuid = {F598A583-60B6-40D5-9863-677B13045D79}
	EndGlobalSection
EndGlobal
